// !$*UTF8*$!
{
	archiveVersion = 1;
	classes = {
	};
	objectVersion = 46;
	objects = {

/* Begin PBXBuildFile section */
		1BC02A791E7868E8006E4422 /* AppDelegate.swift in Sources */ = {isa = PBXBuildFile; fileRef = 1BC02A781E7868E8006E4422 /* AppDelegate.swift */; };
		1BC02A7B1E7868E8006E4422 /* MainVC.swift in Sources */ = {isa = PBXBuildFile; fileRef = 1BC02A7A1E7868E8006E4422 /* MainVC.swift */; };
		1BC02A7E1E7868E8006E4422 /* Main.storyboard in Resources */ = {isa = PBXBuildFile; fileRef = 1BC02A7C1E7868E8006E4422 /* Main.storyboard */; };
		1BC02A811E7868E8006E4422 /* MyRecipiez.xcdatamodeld in Sources */ = {isa = PBXBuildFile; fileRef = 1BC02A7F1E7868E8006E4422 /* MyRecipiez.xcdatamodeld */; };
		1BC02A831E7868E8006E4422 /* Assets.xcassets in Resources */ = {isa = PBXBuildFile; fileRef = 1BC02A821E7868E8006E4422 /* Assets.xcassets */; };
		1BC02A861E7868E8006E4422 /* LaunchScreen.storyboard in Resources */ = {isa = PBXBuildFile; fileRef = 1BC02A841E7868E8006E4422 /* LaunchScreen.storyboard */; };
		1BC02A9A1E7874C1006E4422 /* MaterialView.swift in Sources */ = {isa = PBXBuildFile; fileRef = 1BC02A991E7874C1006E4422 /* MaterialView.swift */; };
		1BC02A9C1E7875E5006E4422 /* ItemCell.swift in Sources */ = {isa = PBXBuildFile; fileRef = 1BC02A9B1E7875E5006E4422 /* ItemCell.swift */; };
		1BC02AA11E788C12006E4422 /* Recipe+CoreDataClass.swift in Sources */ = {isa = PBXBuildFile; fileRef = 1BC02A9D1E788C12006E4422 /* Recipe+CoreDataClass.swift */; };
		1BC02AA21E788C12006E4422 /* Recipe+CoreDataProperties.swift in Sources */ = {isa = PBXBuildFile; fileRef = 1BC02A9E1E788C12006E4422 /* Recipe+CoreDataProperties.swift */; };
		1BC02AA31E788C12006E4422 /* Image+CoreDataClass.swift in Sources */ = {isa = PBXBuildFile; fileRef = 1BC02A9F1E788C12006E4422 /* Image+CoreDataClass.swift */; };
		1BC02AA41E788C12006E4422 /* Image+CoreDataProperties.swift in Sources */ = {isa = PBXBuildFile; fileRef = 1BC02AA01E788C12006E4422 /* Image+CoreDataProperties.swift */; };
/* End PBXBuildFile section */

/* Begin PBXFileReference section */
		1BC02A751E7868E8006E4422 /* MyRecipiez.app */ = {isa = PBXFileReference; explicitFileType = wrapper.application; includeInIndex = 0; path = MyRecipiez.app; sourceTree = BUILT_PRODUCTS_DIR; };
		1BC02A781E7868E8006E4422 /* AppDelegate.swift */ = {isa = PBXFileReference; lastKnownFileType = sourcecode.swift; name = AppDelegate.swift; path = MyRecipiez/AppDelegate.swift; sourceTree = "<group>"; };
		1BC02A7A1E7868E8006E4422 /* MainVC.swift */ = {isa = PBXFileReference; lastKnownFileType = sourcecode.swift; path = MainVC.swift; sourceTree = "<group>"; };
		1BC02A7D1E7868E8006E4422 /* Base */ = {isa = PBXFileReference; lastKnownFileType = file.storyboard; name = Base; path = Base.lproj/Main.storyboard; sourceTree = "<group>"; };
		1BC02A801E7868E8006E4422 /* MyRecipiez.xcdatamodel */ = {isa = PBXFileReference; lastKnownFileType = wrapper.xcdatamodel; path = MyRecipiez.xcdatamodel; sourceTree = "<group>"; };
		1BC02A821E7868E8006E4422 /* Assets.xcassets */ = {isa = PBXFileReference; lastKnownFileType = folder.assetcatalog; path = Assets.xcassets; sourceTree = "<group>"; };
		1BC02A851E7868E8006E4422 /* Base */ = {isa = PBXFileReference; lastKnownFileType = file.storyboard; name = Base; path = Base.lproj/LaunchScreen.storyboard; sourceTree = "<group>"; };
		1BC02A871E7868E8006E4422 /* Info.plist */ = {isa = PBXFileReference; lastKnownFileType = text.plist.xml; path = Info.plist; sourceTree = "<group>"; };
		1BC02A991E7874C1006E4422 /* MaterialView.swift */ = {isa = PBXFileReference; fileEncoding = 4; lastKnownFileType = sourcecode.swift; path = MaterialView.swift; sourceTree = "<group>"; };
		1BC02A9B1E7875E5006E4422 /* ItemCell.swift */ = {isa = PBXFileReference; fileEncoding = 4; lastKnownFileType = sourcecode.swift; path = ItemCell.swift; sourceTree = "<group>"; };
		1BC02A9D1E788C12006E4422 /* Recipe+CoreDataClass.swift */ = {isa = PBXFileReference; fileEncoding = 4; lastKnownFileType = sourcecode.swift; path = "Recipe+CoreDataClass.swift"; sourceTree = "<group>"; };
		1BC02A9E1E788C12006E4422 /* Recipe+CoreDataProperties.swift */ = {isa = PBXFileReference; fileEncoding = 4; lastKnownFileType = sourcecode.swift; path = "Recipe+CoreDataProperties.swift"; sourceTree = "<group>"; };
		1BC02A9F1E788C12006E4422 /* Image+CoreDataClass.swift */ = {isa = PBXFileReference; fileEncoding = 4; lastKnownFileType = sourcecode.swift; path = "Image+CoreDataClass.swift"; sourceTree = "<group>"; };
		1BC02AA01E788C12006E4422 /* Image+CoreDataProperties.swift */ = {isa = PBXFileReference; fileEncoding = 4; lastKnownFileType = sourcecode.swift; path = "Image+CoreDataProperties.swift"; sourceTree = "<group>"; };
/* End PBXFileReference section */

/* Begin PBXFrameworksBuildPhase section */
		1BC02A721E7868E8006E4422 /* Frameworks */ = {
			isa = PBXFrameworksBuildPhase;
			buildActionMask = 2147483647;
			files = (
			);
			runOnlyForDeploymentPostprocessing = 0;
		};
/* End PBXFrameworksBuildPhase section */

/* Begin PBXGroup section */
		1BC02A6C1E7868E8006E4422 = {
			isa = PBXGroup;
			children = (
				1BC02A781E7868E8006E4422 /* AppDelegate.swift */,
				1BC02A771E7868E8006E4422 /* MyRecipiez */,
				1BC02A761E7868E8006E4422 /* Products */,
			);
			sourceTree = "<group>";
		};
		1BC02A761E7868E8006E4422 /* Products */ = {
			isa = PBXGroup;
			children = (
				1BC02A751E7868E8006E4422 /* MyRecipiez.app */,
			);
			name = Products;
			sourceTree = "<group>";
		};
		1BC02A771E7868E8006E4422 /* MyRecipiez */ = {
			isa = PBXGroup;
			children = (
				1BC02A8D1E786AF8006E4422 /* Model */,
				1BC02A8E1E786AFD006E4422 /* View */,
				1BC02A8F1E786B03006E4422 /* Controller */,
				1BC02A7C1E7868E8006E4422 /* Main.storyboard */,
				1BC02A821E7868E8006E4422 /* Assets.xcassets */,
				1BC02A841E7868E8006E4422 /* LaunchScreen.storyboard */,
				1BC02A871E7868E8006E4422 /* Info.plist */,
				1BC02A7F1E7868E8006E4422 /* MyRecipiez.xcdatamodeld */,
			);
			path = MyRecipiez;
			sourceTree = "<group>";
		};
		1BC02A8D1E786AF8006E4422 /* Model */ = {
			isa = PBXGroup;
			children = (
				1BC02A991E7874C1006E4422 /* MaterialView.swift */,
				1BC02A9B1E7875E5006E4422 /* ItemCell.swift */,
				1BC02A981E7874A9006E4422 /* Generated */,
			);
			name = Model;
			sourceTree = "<group>";
		};
		1BC02A8E1E786AFD006E4422 /* View */ = {
			isa = PBXGroup;
			children = (
			);
			name = View;
			sourceTree = "<group>";
		};
		1BC02A8F1E786B03006E4422 /* Controller */ = {
			isa = PBXGroup;
			children = (
				1BC02A7A1E7868E8006E4422 /* MainVC.swift */,
			);
			name = Controller;
			sourceTree = "<group>";
		};
		1BC02A981E7874A9006E4422 /* Generated */ = {
			isa = PBXGroup;
			children = (
				1BC02A9D1E788C12006E4422 /* Recipe+CoreDataClass.swift */,
				1BC02A9E1E788C12006E4422 /* Recipe+CoreDataProperties.swift */,
				1BC02A9F1E788C12006E4422 /* Image+CoreDataClass.swift */,
				1BC02AA01E788C12006E4422 /* Image+CoreDataProperties.swift */,
			);
			name = Generated;
			sourceTree = "<group>";
		};
/* End PBXGroup section */

/* Begin PBXNativeTarget section */
		1BC02A741E7868E8006E4422 /* MyRecipiez */ = {
			isa = PBXNativeTarget;
			buildConfigurationList = 1BC02A8A1E7868E8006E4422 /* Build configuration list for PBXNativeTarget "MyRecipiez" */;
			buildPhases = (
				1BC02A711E7868E8006E4422 /* Sources */,
				1BC02A721E7868E8006E4422 /* Frameworks */,
				1BC02A731E7868E8006E4422 /* Resources */,
			);
			buildRules = (
			);
			dependencies = (
			);
			name = MyRecipiez;
			productName = MyRecipiez;
			productReference = 1BC02A751E7868E8006E4422 /* MyRecipiez.app */;
			productType = "com.apple.product-type.application";
		};
/* End PBXNativeTarget section */

/* Begin PBXProject section */
		1BC02A6D1E7868E8006E4422 /* Project object */ = {
			isa = PBXProject;
			attributes = {
				LastSwiftUpdateCheck = 0820;
				LastUpgradeCheck = 0820;
				ORGANIZATIONNAME = "twisted echo";
				TargetAttributes = {
					1BC02A741E7868E8006E4422 = {
						CreatedOnToolsVersion = 8.2.1;
						DevelopmentTeam = UMQAGMF379;
						ProvisioningStyle = Automatic;
					};
				};
			};
			buildConfigurationList = 1BC02A701E7868E8006E4422 /* Build configuration list for PBXProject "MyRecipiez" */;
			compatibilityVersion = "Xcode 3.2";
			developmentRegion = English;
			hasScannedForEncodings = 0;
			knownRegions = (
				en,
				Base,
			);
			mainGroup = 1BC02A6C1E7868E8006E4422;
			productRefGroup = 1BC02A761E7868E8006E4422 /* Products */;
			projectDirPath = "";
			projectRoot = "";
			targets = (
				1BC02A741E7868E8006E4422 /* MyRecipiez */,
			);
		};
/* End PBXProject section */

/* Begin PBXResourcesBuildPhase section */
		1BC02A731E7868E8006E4422 /* Resources */ = {
			isa = PBXResourcesBuildPhase;
			buildActionMask = 2147483647;
			files = (
				1BC02A861E7868E8006E4422 /* LaunchScreen.storyboard in Resources */,
				1BC02A831E7868E8006E4422 /* Assets.xcassets in Resources */,
				1BC02A7E1E7868E8006E4422 /* Main.storyboard in Resources */,
			);
			runOnlyForDeploymentPostprocessing = 0;
		};
/* End PBXResourcesBuildPhase section */

/* Begin PBXSourcesBuildPhase section */
		1BC02A711E7868E8006E4422 /* Sources */ = {
			isa = PBXSourcesBuildPhase;
			buildActionMask = 2147483647;
			files = (
				1BC02AA41E788C12006E4422 /* Image+CoreDataProperties.swift in Sources */,
				1BC02AA21E788C12006E4422 /* Recipe+CoreDataProperties.swift in Sources */,
				1BC02A7B1E7868E8006E4422 /* MainVC.swift in Sources */,
				1BC02A9C1E7875E5006E4422 /* ItemCell.swift in Sources */,
				1BC02AA31E788C12006E4422 /* Image+CoreDataClass.swift in Sources */,
				1BC02A791E7868E8006E4422 /* AppDelegate.swift in Sources */,
				1BC02A811E7868E8006E4422 /* MyRecipiez.xcdatamodeld in Sources */,
				1BC02A9A1E7874C1006E4422 /* MaterialView.swift in Sources */,
				1BC02AA11E788C12006E4422 /* Recipe+CoreDataClass.swift in Sources */,
			);
			runOnlyForDeploymentPostprocessing = 0;
		};
/* End PBXSourcesBuildPhase section */

/* Begin PBXVariantGroup section */
		1BC02A7C1E7868E8006E4422 /* Main.storyboard */ = {
			isa = PBXVariantGroup;
			children = (
				1BC02A7D1E7868E8006E4422 /* Base */,
			);
			name = Main.storyboard;
			sourceTree = "<group>";
		};
		1BC02A841E7868E8006E4422 /* LaunchScreen.storyboard */ = {
			isa = PBXVariantGroup;
			children = (
				1BC02A851E7868E8006E4422 /* Base */,
			);
			name = LaunchScreen.storyboard;
			sourceTree = "<group>";
		};
/* End PBXVariantGroup section */

/* Begin XCBuildConfiguration section */
		1BC02A881E7868E8006E4422 /* Debug */ = {
			isa = XCBuildConfiguration;
			buildSettings = {
				ALWAYS_SEARCH_USER_PATHS = NO;
				CLANG_ANALYZER_NONNULL = YES;
				CLANG_CXX_LANGUAGE_STANDARD = "gnu++0x";
				CLANG_CXX_LIBRARY = "libc++";
				CLANG_ENABLE_MODULES = YES;
				CLANG_ENABLE_OBJC_ARC = YES;
				CLANG_WARN_BOOL_CONVERSION = YES;
				CLANG_WARN_CONSTANT_CONVERSION = YES;
				CLANG_WARN_DIRECT_OBJC_ISA_USAGE = YES_ERROR;
				CLANG_WARN_DOCUMENTATION_COMMENTS = YES;
				CLANG_WARN_EMPTY_BODY = YES;
				CLANG_WARN_ENUM_CONVERSION = YES;
				CLANG_WARN_INFINITE_RECURSION = YES;
				CLANG_WARN_INT_CONVERSION = YES;
				CLANG_WARN_OBJC_ROOT_CLASS = YES_ERROR;
				CLANG_WARN_SUSPICIOUS_MOVE = YES;
				CLANG_WARN_UNREACHABLE_CODE = YES;
				CLANG_WARN__DUPLICATE_METHOD_MATCH = YES;
				"CODE_SIGN_IDENTITY[sdk=iphoneos*]" = "iPhone Developer";
				COPY_PHASE_STRIP = NO;
				DEBUG_INFORMATION_FORMAT = dwarf;
				ENABLE_STRICT_OBJC_MSGSEND = YES;
				ENABLE_TESTABILITY = YES;
				GCC_C_LANGUAGE_STANDARD = gnu99;
				GCC_DYNAMIC_NO_PIC = NO;
				GCC_NO_COMMON_BLOCKS = YES;
				GCC_OPTIMIZATION_LEVEL = 0;
				GCC_PREPROCESSOR_DEFINITIONS = (
					"DEBUG=1",
					"$(inherited)",
				);
				GCC_WARN_64_TO_32_BIT_CONVERSION = YES;
				GCC_WARN_ABOUT_RETURN_TYPE = YES_ERROR;
				GCC_WARN_UNDECLARED_SELECTOR = YES;
				GCC_WARN_UNINITIALIZED_AUTOS = YES_AGGRESSIVE;
				GCC_WARN_UNUSED_FUNCTION = YES;
				GCC_WARN_UNUSED_VARIABLE = YES;
				IPHONEOS_DEPLOYMENT_TARGET = 10.2;
				MTL_ENABLE_DEBUG_INFO = YES;
				ONLY_ACTIVE_ARCH = YES;
				SDKROOT = iphoneos;
				SWIFT_ACTIVE_COMPILATION_CONDITIONS = DEBUG;
				SWIFT_OPTIMIZATION_LEVEL = "-Onone";
				TARGETED_DEVICE_FAMILY = "1,2";
			};
			name = Debug;
		};
		1BC02A891E7868E8006E4422 /* Release */ = {
			isa = XCBuildConfiguration;
			buildSettings = {
				ALWAYS_SEARCH_USER_PATHS = NO;
				CLANG_ANALYZER_NONNULL = YES;
				CLANG_CXX_LANGUAGE_STANDARD = "gnu++0x";
				CLANG_CXX_LIBRARY = "libc++";
				CLANG_ENABLE_MODULES = YES;
				CLANG_ENABLE_OBJC_ARC = YES;
				CLANG_WARN_BOOL_CONVERSION = YES;
				CLANG_WARN_CONSTANT_CONVERSION = YES;
				CLANG_WARN_DIRECT_OBJC_ISA_USAGE = YES_ERROR;
				CLANG_WARN_DOCUMENTATION_COMMENTS = YES;
				CLANG_WARN_EMPTY_BODY = YES;
				CLANG_WARN_ENUM_CONVERSION = YES;
				CLANG_WARN_INFINITE_RECURSION = YES;
				CLANG_WARN_INT_CONVERSION = YES;
				CLANG_WARN_OBJC_ROOT_CLASS = YES_ERROR;
				CLANG_WARN_SUSPICIOUS_MOVE = YES;
				CLANG_WARN_UNREACHABLE_CODE = YES;
				CLANG_WARN__DUPLICATE_METHOD_MATCH = YES;
				"CODE_SIGN_IDENTITY[sdk=iphoneos*]" = "iPhone Developer";
				COPY_PHASE_STRIP = NO;
				DEBUG_INFORMATION_FORMAT = "dwarf-with-dsym";
				ENABLE_NS_ASSERTIONS = NO;
				ENABLE_STRICT_OBJC_MSGSEND = YES;
				GCC_C_LANGUAGE_STANDARD = gnu99;
				GCC_NO_COMMON_BLOCKS = YES;
				GCC_WARN_64_TO_32_BIT_CONVERSION = YES;
				GCC_WARN_ABOUT_RETURN_TYPE = YES_ERROR;
				GCC_WARN_UNDECLARED_SELECTOR = YES;
				GCC_WARN_UNINITIALIZED_AUTOS = YES_AGGRESSIVE;
				GCC_WARN_UNUSED_FUNCTION = YES;
				GCC_WARN_UNUSED_VARIABLE = YES;
				IPHONEOS_DEPLOYMENT_TARGET = 10.2;
				MTL_ENABLE_DEBUG_INFO = NO;
				SDKROOT = iphoneos;
				SWIFT_OPTIMIZATION_LEVEL = "-Owholemodule";
				TARGETED_DEVICE_FAMILY = "1,2";
				VALIDATE_PRODUCT = YES;
			};
			name = Release;
		};
		1BC02A8B1E7868E8006E4422 /* Debug */ = {
			isa = XCBuildConfiguration;
			buildSettings = {
				ASSETCATALOG_COMPILER_APPICON_NAME = AppIcon;
				DEVELOPMENT_TEAM = UMQAGMF379;
				INFOPLIST_FILE = MyRecipiez/Info.plist;
				LD_RUNPATH_SEARCH_PATHS = "$(inherited) @executable_path/Frameworks";
				PRODUCT_BUNDLE_IDENTIFIER = com.twisted.MyRecipiez;
				PRODUCT_NAME = "$(TARGET_NAME)";
				SWIFT_VERSION = 3.0;
			};
			name = Debug;
		};
		1BC02A8C1E7868E8006E4422 /* Release */ = {
			isa = XCBuildConfiguration;
			buildSettings = {
				ASSETCATALOG_COMPILER_APPICON_NAME = AppIcon;
				DEVELOPMENT_TEAM = UMQAGMF379;
				INFOPLIST_FILE = MyRecipiez/Info.plist;
				LD_RUNPATH_SEARCH_PATHS = "$(inherited) @executable_path/Frameworks";
				PRODUCT_BUNDLE_IDENTIFIER = com.twisted.MyRecipiez;
				PRODUCT_NAME = "$(TARGET_NAME)";
				SWIFT_VERSION = 3.0;
			};
			name = Release;
		};
/* End XCBuildConfiguration section */

/* Begin XCConfigurationList section */
		1BC02A701E7868E8006E4422 /* Build configuration list for PBXProject "MyRecipiez" */ = {
			isa = XCConfigurationList;
			buildConfigurations = (
				1BC02A881E7868E8006E4422 /* Debug */,
				1BC02A891E7868E8006E4422 /* Release */,
			);
			defaultConfigurationIsVisible = 0;
			defaultConfigurationName = Release;
		};
		1BC02A8A1E7868E8006E4422 /* Build configuration list for PBXNativeTarget "MyRecipiez" */ = {
			isa = XCConfigurationList;
			buildConfigurations = (
				1BC02A8B1E7868E8006E4422 /* Debug */,
				1BC02A8C1E7868E8006E4422 /* Release */,
			);
			defaultConfigurationIsVisible = 0;
			defaultConfigurationName = Release;
		};
/* End XCConfigurationList section */

/* Begin XCVersionGroup section */
		1BC02A7F1E7868E8006E4422 /* MyRecipiez.xcdatamodeld */ = {
			isa = XCVersionGroup;
			children = (
				1BC02A801E7868E8006E4422 /* MyRecipiez.xcdatamodel */,
			);
			currentVersion = 1BC02A801E7868E8006E4422 /* MyRecipiez.xcdatamodel */;
			path = MyRecipiez.xcdatamodeld;
			sourceTree = "<group>";
			versionGroupType = wrapper.xcdatamodel;
		};
/* End XCVersionGroup section */
	};
	rootObject = 1BC02A6D1E7868E8006E4422 /* Project object */;
}
